
Microsoft Visual Studio Solution File, Format Version 12.00
# Visual Studio 15
VisualStudioVersion = 15.0.28307.168
MinimumVisualStudioVersion = 10.0.40219.1
Project("{FAE04EC0-301F-11D3-BF4B-00C04F79EFBC}") = "TestingSystem", "TestingSystem\TestingSystem.csproj", "{76AE7D15-CA41-4245-A0F3-2838BC364891}"
EndProject
Project("{FAE04EC0-301F-11D3-BF4B-00C04F79EFBC}") = "TestingSystemClient", "TestingSystemClient\TestingSystemClient.csproj", "{FA653B76-7C2A-4B4E-AF02-D67E3762ACF4}"
EndProject
Global
	GlobalSection(SolutionConfigurationPlatforms) = preSolution
		Debug|Any CPU = Debug|Any CPU
		Release|Any CPU = Release|Any CPU
	EndGlobalSection
	GlobalSection(ProjectConfigurationPlatforms) = postSolution
		{76AE7D15-CA41-4245-A0F3-2838BC364891}.Debug|Any CPU.ActiveCfg = Debug|Any CPU
		{76AE7D15-CA41-4245-A0F3-2838BC364891}.Debug|Any CPU.Build.0 = Debug|Any CPU
		{76AE7D15-CA41-4245-A0F3-2838BC364891}.Release|Any CPU.ActiveCfg = Release|Any CPU
		{76AE7D15-CA41-4245-A0F3-2838BC364891}.Release|Any CPU.Build.0 = Release|Any CPU
		{FA653B76-7C2A-4B4E-AF02-D67E3762ACF4}.Debug|Any CPU.ActiveCfg = Debug|Any CPU
		{FA653B76-7C2A-4B4E-AF02-D67E3762ACF4}.Debug|Any CPU.Build.0 = Debug|Any CPU
		{FA653B76-7C2A-4B4E-AF02-D67E3762ACF4}.Release|Any CPU.ActiveCfg = Release|Any CPU
		{FA653B76-7C2A-4B4E-AF02-D67E3762ACF4}.Release|Any CPU.Build.0 = Release|Any CPU
	EndGlobalSection
	GlobalSection(SolutionProperties) = preSolution
		HideSolutionNode = FALSE
	EndGlobalSection
	GlobalSection(ExtensibilityGlobals) = postSolution
		SolutionGuid = {5F2239D6-60A6-40E5-AC21-B8900A3E86F2}
	EndGlobalSection
EndGlobal
